{
  "name": "simpletalk",
  "version": "0.0.1alpha",
  "lockfileVersion": 1,
  "requires": true,
  "dependencies": {
    "geast": {
      "version": "0.0.8",
      "resolved": "https://registry.npmjs.org/geast/-/geast-0.0.8.tgz",
      "integrity": "sha512-w+h1ezLjqrRZfg8DH/FdYnXECMka/aPrzPG81ihdVRUf/9pd6cnLX8RI3AJjoWUe/px/fM1uZRTcNG709Hgm6w=="
    },
    "gelex": {
      "version": "0.0.5",
      "resolved": "https://registry.npmjs.org/gelex/-/gelex-0.0.5.tgz",
      "integrity": "sha512-jRpbTOSnISd2sj0d6clVy7MJSr8W+c6lsa631H5t2IgxZVc5ypYnCvm1Iv4ghaDQ59LTCIQ1Lq6aRjE2Yz5/IA=="
    },
    "gepars": {
      "version": "0.0.5",
      "resolved": "https://registry.npmjs.org/gepars/-/gepars-0.0.5.tgz",
      "integrity": "sha512-lY55xXADljkGFlEIjeuCUfXN1c5RzEP46dnhDB0BM5jJqk5IibuK9YA48yaM7LJfT548Gh92flklV06DrGSNMw=="
    }
  }
}
