{
  "name": "simpletalk",
  "version": "0.0.1alpha",
  "lockfileVersion": 1,
  "requires": true,
  "dependencies": {
    "geast": {
      "version": "0.0.2",
      "resolved": "https://registry.npmjs.org/geast/-/geast-0.0.2.tgz",
      "integrity": "sha512-vV7NQJohqswU9KCNjJrSruSe0uWokOabN0QwMTU7ny2EmepltG/tnqHii8a6dWNu9wisAvUucOIhTxPxchr1Ag=="
    },
    "gelex": {
      "version": "0.0.4",
      "resolved": "https://registry.npmjs.org/gelex/-/gelex-0.0.4.tgz",
      "integrity": "sha512-quCqw1WoYpD/z2F3cAh4+I6ysXXAiciZPFLhUO4sErv+ayIfxHfVfs0fpS9zdIIsFnwiBigqqqlrpGtTH4Q0ZA=="
    },
    "gepars": {
      "version": "0.0.1",
      "resolved": "https://registry.npmjs.org/gepars/-/gepars-0.0.1.tgz",
      "integrity": "sha512-ts4jHnKGjwT62EmY/MOOSrqt+hJYva5Lm+kZ/0I17yy2QYFDNvFXAdU1NvSSTWNijlm/wltloK90oHYswKDUtA=="
    }
  }
}
